
Microsoft Visual Studio Solution File, Format Version 12.00
# Visual Studio Version 16
VisualStudioVersion = 16.0.30517.126
MinimumVisualStudioVersion = 10.0.40219.1
Project("{FAE04EC0-301F-11D3-BF4B-00C04F79EFBC}") = "MuseoPictoricoG11", "MuseoPictoricoG11\MuseoPictoricoG11.csproj", "{F31805DB-377A-4792-93D0-4AB124340894}"
EndProject
Global
	GlobalSection(SolutionConfigurationPlatforms) = preSolution
		Debug|Any CPU = Debug|Any CPU
		Release|Any CPU = Release|Any CPU
	EndGlobalSection
	GlobalSection(ProjectConfigurationPlatforms) = postSolution
		{F31805DB-377A-4792-93D0-4AB124340894}.Debug|Any CPU.ActiveCfg = Debug|Any CPU
		{F31805DB-377A-4792-93D0-4AB124340894}.Debug|Any CPU.Build.0 = Debug|Any CPU
		{F31805DB-377A-4792-93D0-4AB124340894}.Release|Any CPU.ActiveCfg = Release|Any CPU
		{F31805DB-377A-4792-93D0-4AB124340894}.Release|Any CPU.Build.0 = Release|Any CPU
	EndGlobalSection
	GlobalSection(SolutionProperties) = preSolution
		HideSolutionNode = FALSE
	EndGlobalSection
	GlobalSection(ExtensibilityGlobals) = postSolution
		SolutionGuid = {0849E117-3393-4CC4-A098-AA9A1D715279}
	EndGlobalSection
EndGlobal
